
Microsoft Visual Studio Solution File, Format Version 12.00
# Visual Studio Version 17
VisualStudioVersion = 17.3.32929.385
MinimumVisualStudioVersion = 10.0.40219.1
Project("{FAE04EC0-301F-11D3-BF4B-00C04F79EFBC}") = "apiwebservices", "apiwebservices\apiwebservices.csproj", "{31EE1E3C-DA38-4844-BC31-0BCDA6CBE144}"
EndProject
Global
	GlobalSection(SolutionConfigurationPlatforms) = preSolution
		Debug|Any CPU = Debug|Any CPU
		Release|Any CPU = Release|Any CPU
	EndGlobalSection
	GlobalSection(ProjectConfigurationPlatforms) = postSolution
		{31EE1E3C-DA38-4844-BC31-0BCDA6CBE144}.Debug|Any CPU.ActiveCfg = Debug|Any CPU
		{31EE1E3C-DA38-4844-BC31-0BCDA6CBE144}.Debug|Any CPU.Build.0 = Debug|Any CPU
		{31EE1E3C-DA38-4844-BC31-0BCDA6CBE144}.Release|Any CPU.ActiveCfg = Release|Any CPU
		{31EE1E3C-DA38-4844-BC31-0BCDA6CBE144}.Release|Any CPU.Build.0 = Release|Any CPU
	EndGlobalSection
	GlobalSection(SolutionProperties) = preSolution
		HideSolutionNode = FALSE
	EndGlobalSection
	GlobalSection(ExtensibilityGlobals) = postSolution
		SolutionGuid = {64273990-D0E0-4A5D-B16C-0726009DA957}
	EndGlobalSection
EndGlobal
